<?xml version="1.0" encoding="utf-8"?>
<Project ToolsVersion="17.0" xmlns="http://schemas.microsoft.com/developer/msbuild/2003">
  <ItemGroup>
    <CustomBuild Include="C:\dev\gmod_realtime_module\build_x86\CMakeFiles\7376446b0dfedba89f7340dbaee1a892\generate.stamp.rule">
      <Filter>CMake Rules</Filter>
    </CustomBuild>
  </ItemGroup>
  <ItemGroup>
    <Filter Include="CMake Rules">
      <UniqueIdentifier>{2022E960-4C8F-3B1F-88A4-96867D7BC2D0}</UniqueIdentifier>
    </Filter>
  </ItemGroup>
</Project>
